
Microsoft Visual Studio Solution File, Format Version 12.00
# Visual Studio Version 17
VisualStudioVersion = 17.3.32811.315
MinimumVisualStudioVersion = 10.0.40219.1
Project("{FAE04EC0-301F-11D3-BF4B-00C04F79EFBC}") = "Hakaton.SlobodaNemaCenu.Web", "Hakaton.SlobodaNemaCenu.Web\Hakaton.SlobodaNemaCenu.Web.csproj", "{0D26B82C-BBF0-4ECD-BEA1-36144696872A}"
EndProject
Global
	GlobalSection(SolutionConfigurationPlatforms) = preSolution
		Debug|Any CPU = Debug|Any CPU
		Release|Any CPU = Release|Any CPU
	EndGlobalSection
	GlobalSection(ProjectConfigurationPlatforms) = postSolution
		{0D26B82C-BBF0-4ECD-BEA1-36144696872A}.Debug|Any CPU.ActiveCfg = Debug|Any CPU
		{0D26B82C-BBF0-4ECD-BEA1-36144696872A}.Debug|Any CPU.Build.0 = Debug|Any CPU
		{0D26B82C-BBF0-4ECD-BEA1-36144696872A}.Release|Any CPU.ActiveCfg = Release|Any CPU
		{0D26B82C-BBF0-4ECD-BEA1-36144696872A}.Release|Any CPU.Build.0 = Release|Any CPU
	EndGlobalSection
	GlobalSection(SolutionProperties) = preSolution
		HideSolutionNode = FALSE
	EndGlobalSection
	GlobalSection(ExtensibilityGlobals) = postSolution
		SolutionGuid = {EE8808F9-3271-4EEF-9FEF-F219AC58F9AB}
	EndGlobalSection
EndGlobal
